// !$*UTF8*$!
{
	archiveVersion = 1;
	classes = {
	};
	objectVersion = 50;
	objects = {

/* Begin PBXContainerItemProxy section */
		5104A38C250631D8005A87F0 /* PBXContainerItemProxy */ = {
			isa = PBXContainerItemProxy;
			containerPortal = 5104A387250631D8005A87F0 /* 모의고사.xcodeproj */;
			proxyType = 2;
			remoteGlobalIDString = 517C45DE25050984008B484B;
			remoteInfo = "모의고사";
		};
		5104A3A8250632DD005A87F0 /* PBXContainerItemProxy */ = {
			isa = PBXContainerItemProxy;
			containerPortal = 5104A3A4250632DC005A87F0 /* 2016년.xcodeproj */;
			proxyType = 2;
			remoteGlobalIDString = 5104A39A250632DC005A87F0;
			remoteInfo = "2016년";
		};
		5104A3C125063D76005A87F0 /* PBXContainerItemProxy */ = {
			isa = PBXContainerItemProxy;
			containerPortal = 5104A3BD25063D76005A87F0 /* 가운데 글자 가져오기.xcodeproj */;
			proxyType = 2;
			remoteGlobalIDString = 5104A3B325063D76005A87F0;
			remoteInfo = "가운데 글자 가져오기";
		};
		5104A3DA25064889005A87F0 /* PBXContainerItemProxy */ = {
			isa = PBXContainerItemProxy;
			containerPortal = 5104A3D625064888005A87F0 /* 나누어 떨어지는 숫자 배열.xcodeproj */;
			proxyType = 2;
			remoteGlobalIDString = 5104A3CC25064888005A87F0;
			remoteInfo = "나누어 떨어지는 숫자 배열";
		};
		5104A3F325064A3C005A87F0 /* PBXContainerItemProxy */ = {
			isa = PBXContainerItemProxy;
			containerPortal = 5104A3EF25064A3B005A87F0 /* 두 정수 사이의 합.xcodeproj */;
			proxyType = 2;
			remoteGlobalIDString = 5104A3E525064A3B005A87F0;
			remoteInfo = "두 정수 사이의 합";
		};
		5104A40C25064D0C005A87F0 /* PBXContainerItemProxy */ = {
			isa = PBXContainerItemProxy;
			containerPortal = 5104A40825064D0B005A87F0 /* 문자열 내 마음대로 정렬하기.xcodeproj */;
			proxyType = 2;
			remoteGlobalIDString = 5104A3FE25064D0B005A87F0;
			remoteInfo = "문자열 내 마음대로 정렬하기";
		};
		5104A425250653D8005A87F0 /* PBXContainerItemProxy */ = {
			isa = PBXContainerItemProxy;
			containerPortal = 5104A421250653D7005A87F0 /* 문자열 내 p와 y의 개수.xcodeproj */;
			proxyType = 2;
			remoteGlobalIDString = 5104A417250653D7005A87F0;
			remoteInfo = "문자열 내 p와 y의 개수";
		};
		5104A43E25065597005A87F0 /* PBXContainerItemProxy */ = {
			isa = PBXContainerItemProxy;
			containerPortal = 5104A43A25065597005A87F0 /* 문자열 내림차순으로 배치하기.xcodeproj */;
			proxyType = 2;
			remoteGlobalIDString = 5104A43025065597005A87F0;
			remoteInfo = "문자열 내림차순으로 배치하기";
		};
		5104A457250658D8005A87F0 /* PBXContainerItemProxy */ = {
			isa = PBXContainerItemProxy;
			containerPortal = 5104A453250658D7005A87F0 /* 문자열 다루기 기본.xcodeproj */;
			proxyType = 2;
			remoteGlobalIDString = 5104A449250658D7005A87F0;
			remoteInfo = "문자열 다루기 기본";
		};
		5104A47025065A8D005A87F0 /* PBXContainerItemProxy */ = {
			isa = PBXContainerItemProxy;
			containerPortal = 5104A46C25065A8C005A87F0 /* 서울에서 김서방 찾기.xcodeproj */;
			proxyType = 2;
			remoteGlobalIDString = 5104A46225065A8C005A87F0;
			remoteInfo = "서울에서 김서방 찾기";
		};
		5104A48925065B71005A87F0 /* PBXContainerItemProxy */ = {
			isa = PBXContainerItemProxy;
			containerPortal = 5104A48525065B70005A87F0 /* 소수 찾기.xcodeproj */;
			proxyType = 2;
			remoteGlobalIDString = 5104A47B25065B70005A87F0;
			remoteInfo = "소수 찾기";
		};
		5104A4A2250662EE005A87F0 /* PBXContainerItemProxy */ = {
			isa = PBXContainerItemProxy;
			containerPortal = 5104A49E250662ED005A87F0 /* 수박수박수박수박수박수?.xcodeproj */;
			proxyType = 2;
			remoteGlobalIDString = 5104A494250662ED005A87F0;
			remoteInfo = "수박수박수박수박수박수?";
		};
		5104A4BB2506660A005A87F0 /* PBXContainerItemProxy */ = {
			isa = PBXContainerItemProxy;
			containerPortal = 5104A4B725066609005A87F0 /* 문자열을 정수로 바꾸기.xcodeproj */;
			proxyType = 2;
			remoteGlobalIDString = 5104A4AD25066609005A87F0;
			remoteInfo = "문자열을 정수로 바꾸기";
		};
		5104A4E725066701005A87F0 /* PBXContainerItemProxy */ = {
			isa = PBXContainerItemProxy;
			containerPortal = 5104A4E325066700005A87F0 /* 시저 암호.xcodeproj */;
			proxyType = 2;
			remoteGlobalIDString = 5104A4D925066700005A87F0;
			remoteInfo = "시저 암호";
		};
		5104A50025067214005A87F0 /* PBXContainerItemProxy */ = {
			isa = PBXContainerItemProxy;
			containerPortal = 5104A4FC25067213005A87F0 /* 약수의 합.xcodeproj */;
			proxyType = 2;
			remoteGlobalIDString = 5104A4F225067213005A87F0;
			remoteInfo = "약수의 합";
		};
		5104A51925067589005A87F0 /* PBXContainerItemProxy */ = {
			isa = PBXContainerItemProxy;
			containerPortal = 5104A51525067588005A87F0 /* 이상한 문자 만들기.xcodeproj */;
			proxyType = 2;
			remoteGlobalIDString = 5104A50B25067588005A87F0;
			remoteInfo = "이상한 문자 만들기";
		};
		5104A53225067EF2005A87F0 /* PBXContainerItemProxy */ = {
			isa = PBXContainerItemProxy;
			containerPortal = 5104A52E25067EF1005A87F0 /* 자릿수 더하기.xcodeproj */;
			proxyType = 2;
			remoteGlobalIDString = 5104A52425067EF1005A87F0;
			remoteInfo = "자릿수 더하기";
		};
		5104A5F3250795A6005A87F0 /* PBXContainerItemProxy */ = {
			isa = PBXContainerItemProxy;
			containerPortal = 5104A5A125078FDB005A87F0 /* 정수 제곱근 판별.xcodeproj */;
			proxyType = 2;
			remoteGlobalIDString = 5104A59725078FDB005A87F0;
			remoteInfo = "정수 제곱근 판별";
		};
		5104A5F8250795A7005A87F0 /* PBXContainerItemProxy */ = {
			isa = PBXContainerItemProxy;
			containerPortal = 5104A5BA250792B4005A87F0 /* 제일 작은 수 제거하기.xcodeproj */;
			proxyType = 2;
			remoteGlobalIDString = 5104A5B0250792B4005A87F0;
			remoteInfo = "제일 작은 수 제거하기";
		};
		5104A5FD250795A7005A87F0 /* PBXContainerItemProxy */ = {
			isa = PBXContainerItemProxy;
			containerPortal = 5104A55B25078A58005A87F0 /* 자연수 뒤집어 배열로 만들기.xcodeproj */;
			proxyType = 2;
			remoteGlobalIDString = 5104A55125078A58005A87F0;
			remoteInfo = "자연수 뒤집어 배열로 만들기";
		};
		5104A602250795A7005A87F0 /* PBXContainerItemProxy */ = {
			isa = PBXContainerItemProxy;
			containerPortal = 5104A58825078DD3005A87F0 /* 정수 내림차순으로 배치하기.xcodeproj */;
			proxyType = 2;
			remoteGlobalIDString = 5104A57E25078DD3005A87F0;
			remoteInfo = "정수 내림차순으로 배치하기";
		};
		5104A61B25079699005A87F0 /* PBXContainerItemProxy */ = {
			isa = PBXContainerItemProxy;
			containerPortal = 5104A61725079698005A87F0 /* 키패드 누르기.xcodeproj */;
			proxyType = 2;
			remoteGlobalIDString = 5104A60D25079698005A87F0;
			remoteInfo = "키패드 누르기";
		};
		5104A6342507A255005A87F0 /* PBXContainerItemProxy */ = {
			isa = PBXContainerItemProxy;
			containerPortal = 5104A6302507A254005A87F0 /* 최대공약수와 최소공배수.xcodeproj */;
			proxyType = 2;
			remoteGlobalIDString = 5104A6262507A254005A87F0;
			remoteInfo = "최대공약수와 최소공배수";
		};
		5104A64D2508D890005A87F0 /* PBXContainerItemProxy */ = {
			isa = PBXContainerItemProxy;
			containerPortal = 5104A6492508D88E005A87F0 /* 콜라츠 추측.xcodeproj */;
			proxyType = 2;
			remoteGlobalIDString = 5104A63F2508D88E005A87F0;
			remoteInfo = "콜라츠 추측";
		};
		5104A6662508DB25005A87F0 /* PBXContainerItemProxy */ = {
			isa = PBXContainerItemProxy;
			containerPortal = 5104A6622508DB24005A87F0 /* 평균 구하기.xcodeproj */;
			proxyType = 2;
			remoteGlobalIDString = 5104A6582508DB24005A87F0;
			remoteInfo = "평균 구하기";
		};
		5104A67F2508DDC6005A87F0 /* PBXContainerItemProxy */ = {
			isa = PBXContainerItemProxy;
			containerPortal = 5104A67B2508DDC5005A87F0 /* 하샤드 수.xcodeproj */;
			proxyType = 2;
			remoteGlobalIDString = 5104A6712508DDC5005A87F0;
			remoteInfo = "하샤드 수";
		};
		5104A6982508DF33005A87F0 /* PBXContainerItemProxy */ = {
			isa = PBXContainerItemProxy;
			containerPortal = 5104A6942508DF33005A87F0 /* 핸드폰 번호 가리기.xcodeproj */;
			proxyType = 2;
			remoteGlobalIDString = 5104A68A2508DF33005A87F0;
			remoteInfo = "핸드폰 번호 가리기";
		};
		5104A6B12508E257005A87F0 /* PBXContainerItemProxy */ = {
			isa = PBXContainerItemProxy;
			containerPortal = 5104A6AD2508E256005A87F0 /* 행렬의 덧셈.xcodeproj */;
			proxyType = 2;
			remoteGlobalIDString = 5104A6A32508E256005A87F0;
			remoteInfo = "행렬의 덧셈";
		};
		5104A6CA2508E689005A87F0 /* PBXContainerItemProxy */ = {
			isa = PBXContainerItemProxy;
			containerPortal = 5104A6C62508E688005A87F0 /* x만큼 간격이 있는 n개의 숫자.xcodeproj */;
			proxyType = 2;
			remoteGlobalIDString = 5104A6BC2508E688005A87F0;
			remoteInfo = "x만큼 간격이 있는 n개의 숫자";
		};
		5104A6E32508E89E005A87F0 /* PBXContainerItemProxy */ = {
			isa = PBXContainerItemProxy;
			containerPortal = 5104A6DF2508E89D005A87F0 /* 직사각형 별찍기.xcodeproj */;
			proxyType = 2;
			remoteGlobalIDString = 5104A6D52508E89D005A87F0;
			remoteInfo = "직사각형 별찍기";
		};
		5104A6FD2508EA3F005A87F0 /* PBXContainerItemProxy */ = {
			isa = PBXContainerItemProxy;
			containerPortal = 5104A6F92508EA3E005A87F0 /* 예산.xcodeproj */;
			proxyType = 2;
			remoteGlobalIDString = 5104A6EF2508EA3E005A87F0;
			remoteInfo = "예산";
		};
		5104A7172508ECFB005A87F0 /* PBXContainerItemProxy */ = {
			isa = PBXContainerItemProxy;
			containerPortal = 5104A7132508ECFA005A87F0 /* 비밀지도.xcodeproj */;
			proxyType = 2;
			remoteGlobalIDString = 5104A7092508ECFA005A87F0;
			remoteInfo = "비밀지도";
		};
		5104A7312508F58C005A87F0 /* PBXContainerItemProxy */ = {
			isa = PBXContainerItemProxy;
			containerPortal = 5104A72D2508F58B005A87F0 /* 실패율.xcodeproj */;
			proxyType = 2;
			remoteGlobalIDString = 5104A7232508F58B005A87F0;
			remoteInfo = "실패율";
		};
		5104A74A25090279005A87F0 /* PBXContainerItemProxy */ = {
			isa = PBXContainerItemProxy;
			containerPortal = 5104A74625090278005A87F0 /* 다트 게임.xcodeproj */;
			proxyType = 2;
			remoteGlobalIDString = 5104A73C25090278005A87F0;
			remoteInfo = "다트 게임";
		};
		517C45D2250508E0008B484B /* PBXContainerItemProxy */ = {
			isa = PBXContainerItemProxy;
			containerPortal = 517C45CE250508DF008B484B /* 크레인 인형뽑기 게임.xcodeproj */;
			proxyType = 2;
			remoteGlobalIDString = 517C45C4250508DF008B484B;
			remoteInfo = "크레인 인형뽑기 게임";
		};
		517C460625051A14008B484B /* PBXContainerItemProxy */ = {
			isa = PBXContainerItemProxy;
			containerPortal = 517C460225051A14008B484B /* K번째수.xcodeproj */;
			proxyType = 2;
			remoteGlobalIDString = 517C45F825051A14008B484B;
			remoteInfo = "K번째수";
		};
		517C46202505225F008B484B /* PBXContainerItemProxy */ = {
			isa = PBXContainerItemProxy;
			containerPortal = 517C461C2505225E008B484B /* 체육복.xcodeproj */;
			proxyType = 2;
			remoteGlobalIDString = 517C46122505225E008B484B;
			remoteInfo = "체육복";
		};
/* End PBXContainerItemProxy section */

/* Begin PBXFileReference section */
		5104A387250631D8005A87F0 /* 모의고사.xcodeproj */ = {isa = PBXFileReference; lastKnownFileType = "wrapper.pb-project"; name = "모의고사.xcodeproj"; path = "Programmers/완전탐색/모의고사/모의고사.xcodeproj"; sourceTree = SOURCE_ROOT; };
		5104A3A4250632DC005A87F0 /* 2016년.xcodeproj */ = {isa = PBXFileReference; lastKnownFileType = "wrapper.pb-project"; name = "2016년.xcodeproj"; path = "2016년/2016년.xcodeproj"; sourceTree = "<group>"; };
		5104A3BD25063D76005A87F0 /* 가운데 글자 가져오기.xcodeproj */ = {isa = PBXFileReference; lastKnownFileType = "wrapper.pb-project"; name = "가운데 글자 가져오기.xcodeproj"; path = "가운데 글자 가져오기/가운데 글자 가져오기.xcodeproj"; sourceTree = "<group>"; };
		5104A3D625064888005A87F0 /* 나누어 떨어지는 숫자 배열.xcodeproj */ = {isa = PBXFileReference; lastKnownFileType = "wrapper.pb-project"; name = "나누어 떨어지는 숫자 배열.xcodeproj"; path = "나누어 떨어지는 숫자 배열/나누어 떨어지는 숫자 배열.xcodeproj"; sourceTree = "<group>"; };
		5104A3EF25064A3B005A87F0 /* 두 정수 사이의 합.xcodeproj */ = {isa = PBXFileReference; lastKnownFileType = "wrapper.pb-project"; name = "두 정수 사이의 합.xcodeproj"; path = "두 정수 사이의 합/두 정수 사이의 합.xcodeproj"; sourceTree = "<group>"; };
		5104A40825064D0B005A87F0 /* 문자열 내 마음대로 정렬하기.xcodeproj */ = {isa = PBXFileReference; lastKnownFileType = "wrapper.pb-project"; name = "문자열 내 마음대로 정렬하기.xcodeproj"; path = "문자열 내 마음대로 정렬하기/문자열 내 마음대로 정렬하기.xcodeproj"; sourceTree = "<group>"; };
		5104A421250653D7005A87F0 /* 문자열 내 p와 y의 개수.xcodeproj */ = {isa = PBXFileReference; lastKnownFileType = "wrapper.pb-project"; name = "문자열 내 p와 y의 개수.xcodeproj"; path = "문자열 내 p와 y의 개수/문자열 내 p와 y의 개수.xcodeproj"; sourceTree = "<group>"; };
		5104A43A25065597005A87F0 /* 문자열 내림차순으로 배치하기.xcodeproj */ = {isa = PBXFileReference; lastKnownFileType = "wrapper.pb-project"; name = "문자열 내림차순으로 배치하기.xcodeproj"; path = "문자열 내림차순으로 배치하기/문자열 내림차순으로 배치하기.xcodeproj"; sourceTree = "<group>"; };
		5104A453250658D7005A87F0 /* 문자열 다루기 기본.xcodeproj */ = {isa = PBXFileReference; lastKnownFileType = "wrapper.pb-project"; name = "문자열 다루기 기본.xcodeproj"; path = "문자열 다루기 기본/문자열 다루기 기본.xcodeproj"; sourceTree = "<group>"; };
		5104A46C25065A8C005A87F0 /* 서울에서 김서방 찾기.xcodeproj */ = {isa = PBXFileReference; lastKnownFileType = "wrapper.pb-project"; name = "서울에서 김서방 찾기.xcodeproj"; path = "서울에서 김서방 찾기/서울에서 김서방 찾기.xcodeproj"; sourceTree = "<group>"; };
		5104A48525065B70005A87F0 /* 소수 찾기.xcodeproj */ = {isa = PBXFileReference; lastKnownFileType = "wrapper.pb-project"; name = "소수 찾기.xcodeproj"; path = "소수 찾기/소수 찾기.xcodeproj"; sourceTree = "<group>"; };
		5104A49E250662ED005A87F0 /* 수박수박수박수박수박수?.xcodeproj */ = {isa = PBXFileReference; lastKnownFileType = "wrapper.pb-project"; name = "수박수박수박수박수박수?.xcodeproj"; path = "수박수박수박수박수박수?/수박수박수박수박수박수?.xcodeproj"; sourceTree = "<group>"; };
		5104A4B725066609005A87F0 /* 문자열을 정수로 바꾸기.xcodeproj */ = {isa = PBXFileReference; lastKnownFileType = "wrapper.pb-project"; name = "문자열을 정수로 바꾸기.xcodeproj"; path = "문자열을 정수로 바꾸기/문자열을 정수로 바꾸기.xcodeproj"; sourceTree = "<group>"; };
		5104A4E325066700005A87F0 /* 시저 암호.xcodeproj */ = {isa = PBXFileReference; lastKnownFileType = "wrapper.pb-project"; name = "시저 암호.xcodeproj"; path = "시저 암호/시저 암호.xcodeproj"; sourceTree = "<group>"; };
		5104A4FC25067213005A87F0 /* 약수의 합.xcodeproj */ = {isa = PBXFileReference; lastKnownFileType = "wrapper.pb-project"; name = "약수의 합.xcodeproj"; path = "약수의 합/약수의 합.xcodeproj"; sourceTree = "<group>"; };
		5104A51525067588005A87F0 /* 이상한 문자 만들기.xcodeproj */ = {isa = PBXFileReference; lastKnownFileType = "wrapper.pb-project"; name = "이상한 문자 만들기.xcodeproj"; path = "이상한 문자 만들기/이상한 문자 만들기.xcodeproj"; sourceTree = "<group>"; };
		5104A52E25067EF1005A87F0 /* 자릿수 더하기.xcodeproj */ = {isa = PBXFileReference; lastKnownFileType = "wrapper.pb-project"; name = "자릿수 더하기.xcodeproj"; path = "자릿수 더하기/자릿수 더하기.xcodeproj"; sourceTree = "<group>"; };
		5104A55B25078A58005A87F0 /* 자연수 뒤집어 배열로 만들기.xcodeproj */ = {isa = PBXFileReference; lastKnownFileType = "wrapper.pb-project"; name = "자연수 뒤집어 배열로 만들기.xcodeproj"; path = "자연수 뒤집어 배열로 만들기/자연수 뒤집어 배열로 만들기.xcodeproj"; sourceTree = "<group>"; };
		5104A58825078DD3005A87F0 /* 정수 내림차순으로 배치하기.xcodeproj */ = {isa = PBXFileReference; lastKnownFileType = "wrapper.pb-project"; name = "정수 내림차순으로 배치하기.xcodeproj"; path = "정수 내림차순으로 배치하기/정수 내림차순으로 배치하기.xcodeproj"; sourceTree = "<group>"; };
		5104A5A125078FDB005A87F0 /* 정수 제곱근 판별.xcodeproj */ = {isa = PBXFileReference; lastKnownFileType = "wrapper.pb-project"; name = "정수 제곱근 판별.xcodeproj"; path = "정수 제곱근 판별/정수 제곱근 판별.xcodeproj"; sourceTree = "<group>"; };
		5104A5BA250792B4005A87F0 /* 제일 작은 수 제거하기.xcodeproj */ = {isa = PBXFileReference; lastKnownFileType = "wrapper.pb-project"; name = "제일 작은 수 제거하기.xcodeproj"; path = "제일 작은 수 제거하기/제일 작은 수 제거하기.xcodeproj"; sourceTree = "<group>"; };
		5104A5D325079431005A87F0 /* 짝수와 홀수.xcodeproj */ = {isa = PBXFileReference; lastKnownFileType = "wrapper.pb-project"; name = "짝수와 홀수.xcodeproj"; path = "짝수와 홀수/짝수와 홀수.xcodeproj"; sourceTree = "<group>"; };
		5104A61725079698005A87F0 /* 키패드 누르기.xcodeproj */ = {isa = PBXFileReference; lastKnownFileType = "wrapper.pb-project"; name = "키패드 누르기.xcodeproj"; path = "키패드 누르기/키패드 누르기.xcodeproj"; sourceTree = "<group>"; };
		5104A6302507A254005A87F0 /* 최대공약수와 최소공배수.xcodeproj */ = {isa = PBXFileReference; lastKnownFileType = "wrapper.pb-project"; name = "최대공약수와 최소공배수.xcodeproj"; path = "최대공약수와 최소공배수/최대공약수와 최소공배수.xcodeproj"; sourceTree = "<group>"; };
		5104A6492508D88E005A87F0 /* 콜라츠 추측.xcodeproj */ = {isa = PBXFileReference; lastKnownFileType = "wrapper.pb-project"; name = "콜라츠 추측.xcodeproj"; path = "콜라츠 추측/콜라츠 추측.xcodeproj"; sourceTree = "<group>"; };
		5104A6622508DB24005A87F0 /* 평균 구하기.xcodeproj */ = {isa = PBXFileReference; lastKnownFileType = "wrapper.pb-project"; name = "평균 구하기.xcodeproj"; path = "평균 구하기/평균 구하기.xcodeproj"; sourceTree = "<group>"; };
		5104A67B2508DDC5005A87F0 /* 하샤드 수.xcodeproj */ = {isa = PBXFileReference; lastKnownFileType = "wrapper.pb-project"; name = "하샤드 수.xcodeproj"; path = "하샤드 수/하샤드 수.xcodeproj"; sourceTree = "<group>"; };
		5104A6942508DF33005A87F0 /* 핸드폰 번호 가리기.xcodeproj */ = {isa = PBXFileReference; lastKnownFileType = "wrapper.pb-project"; name = "핸드폰 번호 가리기.xcodeproj"; path = "핸드폰 번호 가리기/핸드폰 번호 가리기.xcodeproj"; sourceTree = "<group>"; };
		5104A6AD2508E256005A87F0 /* 행렬의 덧셈.xcodeproj */ = {isa = PBXFileReference; lastKnownFileType = "wrapper.pb-project"; name = "행렬의 덧셈.xcodeproj"; path = "행렬의 덧셈/행렬의 덧셈.xcodeproj"; sourceTree = "<group>"; };
		5104A6C62508E688005A87F0 /* x만큼 간격이 있는 n개의 숫자.xcodeproj */ = {isa = PBXFileReference; lastKnownFileType = "wrapper.pb-project"; name = "x만큼 간격이 있는 n개의 숫자.xcodeproj"; path = "x만큼 간격이 있는 n개의 숫자/x만큼 간격이 있는 n개의 숫자.xcodeproj"; sourceTree = "<group>"; };
		5104A6DF2508E89D005A87F0 /* 직사각형 별찍기.xcodeproj */ = {isa = PBXFileReference; lastKnownFileType = "wrapper.pb-project"; name = "직사각형 별찍기.xcodeproj"; path = "직사각형 별찍기/직사각형 별찍기.xcodeproj"; sourceTree = "<group>"; };
		5104A6F92508EA3E005A87F0 /* 예산.xcodeproj */ = {isa = PBXFileReference; lastKnownFileType = "wrapper.pb-project"; name = "예산.xcodeproj"; path = "예산/예산.xcodeproj"; sourceTree = "<group>"; };
		5104A7132508ECFA005A87F0 /* 비밀지도.xcodeproj */ = {isa = PBXFileReference; lastKnownFileType = "wrapper.pb-project"; name = "비밀지도.xcodeproj"; path = "비밀지도/비밀지도.xcodeproj"; sourceTree = "<group>"; };
		5104A72D2508F58B005A87F0 /* 실패율.xcodeproj */ = {isa = PBXFileReference; lastKnownFileType = "wrapper.pb-project"; name = "실패율.xcodeproj"; path = "실패율/실패율.xcodeproj"; sourceTree = "<group>"; };
		5104A74625090278005A87F0 /* 다트 게임.xcodeproj */ = {isa = PBXFileReference; lastKnownFileType = "wrapper.pb-project"; name = "다트 게임.xcodeproj"; path = "다트 게임/다트 게임.xcodeproj"; sourceTree = "<group>"; };
		517C45CE250508DF008B484B /* 크레인 인형뽑기 게임.xcodeproj */ = {isa = PBXFileReference; lastKnownFileType = "wrapper.pb-project"; name = "크레인 인형뽑기 게임.xcodeproj"; path = "크레인 인형뽑기 게임/크레인 인형뽑기 게임.xcodeproj"; sourceTree = "<group>"; };
		517C460225051A14008B484B /* K번째수.xcodeproj */ = {isa = PBXFileReference; lastKnownFileType = "wrapper.pb-project"; name = "K번째수.xcodeproj"; path = "K번째수/K번째수.xcodeproj"; sourceTree = "<group>"; };
		517C461C2505225E008B484B /* 체육복.xcodeproj */ = {isa = PBXFileReference; lastKnownFileType = "wrapper.pb-project"; name = "체육복.xcodeproj"; path = "체육복/체육복.xcodeproj"; sourceTree = "<group>"; };
/* End PBXFileReference section */

/* Begin PBXGroup section */
		5104A388250631D8005A87F0 /* Products */ = {
			isa = PBXGroup;
			children = (
				5104A38D250631D8005A87F0 /* 모의고사 */,
			);
			name = Products;
			sourceTree = "<group>";
		};
		5104A390250632C7005A87F0 /* 연습문제 */ = {
			isa = PBXGroup;
			children = (
				5104A6DF2508E89D005A87F0 /* 직사각형 별찍기.xcodeproj */,
				5104A6C62508E688005A87F0 /* x만큼 간격이 있는 n개의 숫자.xcodeproj */,
				5104A6AD2508E256005A87F0 /* 행렬의 덧셈.xcodeproj */,
				5104A6942508DF33005A87F0 /* 핸드폰 번호 가리기.xcodeproj */,
				5104A67B2508DDC5005A87F0 /* 하샤드 수.xcodeproj */,
				5104A6622508DB24005A87F0 /* 평균 구하기.xcodeproj */,
				5104A6492508D88E005A87F0 /* 콜라츠 추측.xcodeproj */,
				5104A6302507A254005A87F0 /* 최대공약수와 최소공배수.xcodeproj */,
				5104A5D325079431005A87F0 /* 짝수와 홀수.xcodeproj */,
				5104A5BA250792B4005A87F0 /* 제일 작은 수 제거하기.xcodeproj */,
				5104A5A125078FDB005A87F0 /* 정수 제곱근 판별.xcodeproj */,
				5104A58825078DD3005A87F0 /* 정수 내림차순으로 배치하기.xcodeproj */,
				5104A55B25078A58005A87F0 /* 자연수 뒤집어 배열로 만들기.xcodeproj */,
				5104A52E25067EF1005A87F0 /* 자릿수 더하기.xcodeproj */,
				5104A51525067588005A87F0 /* 이상한 문자 만들기.xcodeproj */,
				5104A4FC25067213005A87F0 /* 약수의 합.xcodeproj */,
				5104A4E325066700005A87F0 /* 시저 암호.xcodeproj */,
				5104A4B725066609005A87F0 /* 문자열을 정수로 바꾸기.xcodeproj */,
				5104A49E250662ED005A87F0 /* 수박수박수박수박수박수?.xcodeproj */,
				5104A48525065B70005A87F0 /* 소수 찾기.xcodeproj */,
				5104A46C25065A8C005A87F0 /* 서울에서 김서방 찾기.xcodeproj */,
				5104A453250658D7005A87F0 /* 문자열 다루기 기본.xcodeproj */,
				5104A43A25065597005A87F0 /* 문자열 내림차순으로 배치하기.xcodeproj */,
				5104A421250653D7005A87F0 /* 문자열 내 p와 y의 개수.xcodeproj */,
				5104A40825064D0B005A87F0 /* 문자열 내 마음대로 정렬하기.xcodeproj */,
				5104A3EF25064A3B005A87F0 /* 두 정수 사이의 합.xcodeproj */,
				5104A3D625064888005A87F0 /* 나누어 떨어지는 숫자 배열.xcodeproj */,
				5104A3BD25063D76005A87F0 /* 가운데 글자 가져오기.xcodeproj */,
				5104A3A4250632DC005A87F0 /* 2016년.xcodeproj */,
			);
			name = "연습문제";
			path = "연습문제";
			sourceTree = "<group>";
		};
		5104A3A5250632DC005A87F0 /* Products */ = {
			isa = PBXGroup;
			children = (
				5104A3A9250632DD005A87F0 /* 2016년 */,
			);
			name = Products;
			sourceTree = "<group>";
		};
		5104A3BE25063D76005A87F0 /* Products */ = {
			isa = PBXGroup;
			children = (
				5104A3C225063D76005A87F0 /* 가운데 글자 가져오기 */,
			);
			name = Products;
			sourceTree = "<group>";
		};
		5104A3D725064888005A87F0 /* Products */ = {
			isa = PBXGroup;
			children = (
				5104A3DB25064889005A87F0 /* 나누어 떨어지는 숫자 배열 */,
			);
			name = Products;
			sourceTree = "<group>";
		};
		5104A3F025064A3B005A87F0 /* Products */ = {
			isa = PBXGroup;
			children = (
				5104A3F425064A3C005A87F0 /* 두 정수 사이의 합 */,
			);
			name = Products;
			sourceTree = "<group>";
		};
		5104A40925064D0B005A87F0 /* Products */ = {
			isa = PBXGroup;
			children = (
				5104A40D25064D0C005A87F0 /* 문자열 내 마음대로 정렬하기 */,
			);
			name = Products;
			sourceTree = "<group>";
		};
		5104A422250653D7005A87F0 /* Products */ = {
			isa = PBXGroup;
			children = (
				5104A426250653D8005A87F0 /* 문자열 내 p와 y의 개수 */,
			);
			name = Products;
			sourceTree = "<group>";
		};
		5104A43B25065597005A87F0 /* Products */ = {
			isa = PBXGroup;
			children = (
				5104A43F25065597005A87F0 /* 문자열 내림차순으로 배치하기 */,
			);
			name = Products;
			sourceTree = "<group>";
		};
		5104A454250658D7005A87F0 /* Products */ = {
			isa = PBXGroup;
			children = (
				5104A458250658D8005A87F0 /* 문자열 다루기 기본 */,
			);
			name = Products;
			sourceTree = "<group>";
		};
		5104A46D25065A8C005A87F0 /* Products */ = {
			isa = PBXGroup;
			children = (
				5104A47125065A8D005A87F0 /* 서울에서 김서방 찾기 */,
			);
			name = Products;
			sourceTree = "<group>";
		};
		5104A48625065B70005A87F0 /* Products */ = {
			isa = PBXGroup;
			children = (
				5104A48A25065B71005A87F0 /* 소수 찾기 */,
			);
			name = Products;
			sourceTree = "<group>";
		};
		5104A49F250662ED005A87F0 /* Products */ = {
			isa = PBXGroup;
			children = (
				5104A4A3250662EE005A87F0 /* 수박수박수박수박수박수? */,
			);
			name = Products;
			sourceTree = "<group>";
		};
		5104A4B825066609005A87F0 /* Products */ = {
			isa = PBXGroup;
			children = (
				5104A4BC2506660A005A87F0 /* 문자열을 정수로 바꾸기 */,
			);
			name = Products;
			sourceTree = "<group>";
		};
		5104A4E425066700005A87F0 /* Products */ = {
			isa = PBXGroup;
			children = (
				5104A4E825066701005A87F0 /* 시저 암호 */,
			);
			name = Products;
			sourceTree = "<group>";
		};
		5104A4FD25067213005A87F0 /* Products */ = {
			isa = PBXGroup;
			children = (
				5104A50125067214005A87F0 /* 약수의 합 */,
			);
			name = Products;
			sourceTree = "<group>";
		};
		5104A51625067588005A87F0 /* Products */ = {
			isa = PBXGroup;
			children = (
				5104A51A25067589005A87F0 /* 이상한 문자 만들기 */,
			);
			name = Products;
			sourceTree = "<group>";
		};
		5104A52F25067EF1005A87F0 /* Products */ = {
			isa = PBXGroup;
			children = (
				5104A53325067EF2005A87F0 /* 자릿수 더하기 */,
			);
			name = Products;
			sourceTree = "<group>";
		};
		5104A5D9250794B1005A87F0 /* 2020 카카오 인턴십 */ = {
			isa = PBXGroup;
			children = (
				5104A61725079698005A87F0 /* 키패드 누르기.xcodeproj */,
			);
			name = "2020 카카오 인턴십";
			path = "2020 카카오 인턴십";
			sourceTree = "<group>";
		};
		5104A5F0250795A6005A87F0 /* Products */ = {
			isa = PBXGroup;
			children = (
				5104A5F4250795A6005A87F0 /* 정수 제곱근 판별 */,
			);
			name = Products;
			sourceTree = "<group>";
		};
		5104A5F5250795A7005A87F0 /* Products */ = {
			isa = PBXGroup;
			children = (
				5104A5F9250795A7005A87F0 /* 제일 작은 수 제거하기 */,
			);
			name = Products;
			sourceTree = "<group>";
		};
		5104A5FA250795A7005A87F0 /* Products */ = {
			isa = PBXGroup;
			children = (
				5104A5FE250795A7005A87F0 /* 자연수 뒤집어 배열로 만들기 */,
			);
			name = Products;
			sourceTree = "<group>";
		};
		5104A5FF250795A7005A87F0 /* Products */ = {
			isa = PBXGroup;
			children = (
				5104A603250795A7005A87F0 /* 정수 내림차순으로 배치하기 */,
			);
			name = Products;
			sourceTree = "<group>";
		};
		5104A61825079698005A87F0 /* Products */ = {
			isa = PBXGroup;
			children = (
				5104A61C25079699005A87F0 /* 키패드 누르기 */,
			);
			name = Products;
			sourceTree = "<group>";
		};
		5104A6312507A254005A87F0 /* Products */ = {
			isa = PBXGroup;
			children = (
				5104A6352507A255005A87F0 /* 최대공약수와 최소공배수 */,
			);
			name = Products;
			sourceTree = "<group>";
		};
		5104A64A2508D88E005A87F0 /* Products */ = {
			isa = PBXGroup;
			children = (
				5104A64E2508D890005A87F0 /* 콜라츠 추측 */,
			);
			name = Products;
			sourceTree = "<group>";
		};
		5104A6632508DB24005A87F0 /* Products */ = {
			isa = PBXGroup;
			children = (
				5104A6672508DB25005A87F0 /* 평균 구하기 */,
			);
			name = Products;
			sourceTree = "<group>";
		};
		5104A67C2508DDC5005A87F0 /* Products */ = {
			isa = PBXGroup;
			children = (
				5104A6802508DDC6005A87F0 /* 하샤드 수 */,
			);
			name = Products;
			sourceTree = "<group>";
		};
		5104A6952508DF33005A87F0 /* Products */ = {
			isa = PBXGroup;
			children = (
				5104A6992508DF33005A87F0 /* 핸드폰 번호 가리기 */,
			);
			name = Products;
			sourceTree = "<group>";
		};
		5104A6AE2508E256005A87F0 /* Products */ = {
			isa = PBXGroup;
			children = (
				5104A6B22508E257005A87F0 /* 행렬의 덧셈 */,
			);
			name = Products;
			sourceTree = "<group>";
		};
		5104A6C72508E688005A87F0 /* Products */ = {
			isa = PBXGroup;
			children = (
				5104A6CB2508E689005A87F0 /* x만큼 간격이 있는 n개의 숫자 */,
			);
			name = Products;
			sourceTree = "<group>";
		};
		5104A6E02508E89D005A87F0 /* Products */ = {
			isa = PBXGroup;
			children = (
				5104A6E42508E89E005A87F0 /* 직사각형 별찍기 */,
			);
			name = Products;
			sourceTree = "<group>";
		};
		5104A6E52508E9DC005A87F0 /* Summer Winter Coding(~2018) */ = {
			isa = PBXGroup;
			children = (
				5104A6F92508EA3E005A87F0 /* 예산.xcodeproj */,
			);
			path = "Summer Winter Coding(~2018)";
			sourceTree = "<group>";
		};
		5104A6FA2508EA3E005A87F0 /* Products */ = {
			isa = PBXGroup;
			children = (
				5104A6FE2508EA3F005A87F0 /* 예산 */,
			);
			name = Products;
			sourceTree = "<group>";
		};
		5104A6FF2508ECC0005A87F0 /* 2018 KAKAO BLIND RECRUITMENT */ = {
			isa = PBXGroup;
			children = (
				5104A74625090278005A87F0 /* 다트 게임.xcodeproj */,
				5104A7132508ECFA005A87F0 /* 비밀지도.xcodeproj */,
			);
			path = "2018 KAKAO BLIND RECRUITMENT";
			sourceTree = "<group>";
		};
		5104A7142508ECFA005A87F0 /* Products */ = {
			isa = PBXGroup;
			children = (
				5104A7182508ECFB005A87F0 /* 비밀지도 */,
			);
			name = Products;
			sourceTree = "<group>";
		};
		5104A7192508F539005A87F0 /* 2019 KAKAO BLIND RECRUITMENT */ = {
			isa = PBXGroup;
			children = (
				5104A72D2508F58B005A87F0 /* 실패율.xcodeproj */,
			);
			path = "2019 KAKAO BLIND RECRUITMENT";
			sourceTree = "<group>";
		};
		5104A72E2508F58B005A87F0 /* Products */ = {
			isa = PBXGroup;
			children = (
				5104A7322508F58C005A87F0 /* 실패율 */,
			);
			name = Products;
			sourceTree = "<group>";
		};
		5104A74725090278005A87F0 /* Products */ = {
			isa = PBXGroup;
			children = (
				5104A74B25090279005A87F0 /* 다트 게임 */,
			);
			name = Products;
			sourceTree = "<group>";
		};
		517C458025050797008B484B = {
			isa = PBXGroup;
			children = (
				517C4587250507A9008B484B /* Programmers */,
			);
			sourceTree = "<group>";
		};
		517C4587250507A9008B484B /* Programmers */ = {
			isa = PBXGroup;
			children = (
				5104A5D9250794B1005A87F0 /* 2020 카카오 인턴십 */,
				517C4588250507B8008B484B /* 2019 카카오 개발자 겨울 인턴십 */,
				5104A7192508F539005A87F0 /* 2019 KAKAO BLIND RECRUITMENT */,
				5104A6FF2508ECC0005A87F0 /* 2018 KAKAO BLIND RECRUITMENT */,
				5104A6E52508E9DC005A87F0 /* Summer Winter Coding(~2018) */,
				5104A390250632C7005A87F0 /* 연습문제 */,
				517C45EE250519F4008B484B /* 정렬 */,
				517C460825052244008B484B /* 탐욕법 */,
				517C45D42505095D008B484B /* 완전탐색 */,
			);
			path = Programmers;
			sourceTree = "<group>";
		};
		517C4588250507B8008B484B /* 2019 카카오 개발자 겨울 인턴십 */ = {
			isa = PBXGroup;
			children = (
				517C45CE250508DF008B484B /* 크레인 인형뽑기 게임.xcodeproj */,
			);
			name = "2019 카카오 개발자 겨울 인턴십";
			path = "2019 카카오 개발자 겨울 인턴십";
			sourceTree = "<group>";
		};
		517C45CF250508DF008B484B /* Products */ = {
			isa = PBXGroup;
			children = (
				517C45D3250508E0008B484B /* 크레인 인형뽑기 게임 */,
			);
			name = Products;
			sourceTree = "<group>";
		};
		517C45D42505095D008B484B /* 완전탐색 */ = {
			isa = PBXGroup;
			children = (
				5104A387250631D8005A87F0 /* 모의고사.xcodeproj */,
			);
			name = "완전탐색";
			path = "완전탐색";
			sourceTree = "<group>";
		};
		517C45EE250519F4008B484B /* 정렬 */ = {
			isa = PBXGroup;
			children = (
				517C460225051A14008B484B /* K번째수.xcodeproj */,
			);
			name = "정렬";
			path = "정렬";
			sourceTree = "<group>";
		};
		517C460325051A14008B484B /* Products */ = {
			isa = PBXGroup;
			children = (
				517C460725051A14008B484B /* K번째수 */,
			);
			name = Products;
			sourceTree = "<group>";
		};
		517C460825052244008B484B /* 탐욕법 */ = {
			isa = PBXGroup;
			children = (
				517C461C2505225E008B484B /* 체육복.xcodeproj */,
			);
			name = "탐욕법";
			path = "탐욕법";
			sourceTree = "<group>";
		};
		517C461D2505225E008B484B /* Products */ = {
			isa = PBXGroup;
			children = (
				517C46212505225F008B484B /* 체육복 */,
			);
			name = Products;
			sourceTree = "<group>";
		};
/* End PBXGroup section */

/* Begin PBXProject section */
		517C458125050797008B484B /* Project object */ = {
			isa = PBXProject;
			attributes = {
				LastUpgradeCheck = 1160;
			};
			buildConfigurationList = 517C458425050797008B484B /* Build configuration list for PBXProject "CodingPractice" */;
			compatibilityVersion = "Xcode 9.3";
			developmentRegion = en;
			hasScannedForEncodings = 0;
			knownRegions = (
				en,
				Base,
			);
			mainGroup = 517C458025050797008B484B;
			projectDirPath = "";
			projectReferences = (
				{
					ProductGroup = 5104A3A5250632DC005A87F0 /* Products */;
					ProjectRef = 5104A3A4250632DC005A87F0 /* 2016년.xcodeproj */;
				},
				{
					ProductGroup = 517C460325051A14008B484B /* Products */;
					ProjectRef = 517C460225051A14008B484B /* K번째수.xcodeproj */;
				},
				{
					ProductGroup = 5104A6C72508E688005A87F0 /* Products */;
					ProjectRef = 5104A6C62508E688005A87F0 /* x만큼 간격이 있는 n개의 숫자.xcodeproj */;
				},
				{
					ProductGroup = 5104A3BE25063D76005A87F0 /* Products */;
					ProjectRef = 5104A3BD25063D76005A87F0 /* 가운데 글자 가져오기.xcodeproj */;
				},
				{
					ProductGroup = 5104A3D725064888005A87F0 /* Products */;
					ProjectRef = 5104A3D625064888005A87F0 /* 나누어 떨어지는 숫자 배열.xcodeproj */;
				},
				{
					ProductGroup = 5104A74725090278005A87F0 /* Products */;
					ProjectRef = 5104A74625090278005A87F0 /* 다트 게임.xcodeproj */;
				},
				{
					ProductGroup = 5104A3F025064A3B005A87F0 /* Products */;
					ProjectRef = 5104A3EF25064A3B005A87F0 /* 두 정수 사이의 합.xcodeproj */;
				},
				{
					ProductGroup = 5104A388250631D8005A87F0 /* Products */;
					ProjectRef = 5104A387250631D8005A87F0 /* 모의고사.xcodeproj */;
				},
				{
					ProductGroup = 5104A422250653D7005A87F0 /* Products */;
					ProjectRef = 5104A421250653D7005A87F0 /* 문자열 내 p와 y의 개수.xcodeproj */;
				},
				{
					ProductGroup = 5104A40925064D0B005A87F0 /* Products */;
					ProjectRef = 5104A40825064D0B005A87F0 /* 문자열 내 마음대로 정렬하기.xcodeproj */;
				},
				{
					ProductGroup = 5104A43B25065597005A87F0 /* Products */;
					ProjectRef = 5104A43A25065597005A87F0 /* 문자열 내림차순으로 배치하기.xcodeproj */;
				},
				{
					ProductGroup = 5104A454250658D7005A87F0 /* Products */;
					ProjectRef = 5104A453250658D7005A87F0 /* 문자열 다루기 기본.xcodeproj */;
				},
				{
					ProductGroup = 5104A4B825066609005A87F0 /* Products */;
					ProjectRef = 5104A4B725066609005A87F0 /* 문자열을 정수로 바꾸기.xcodeproj */;
				},
				{
					ProductGroup = 5104A7142508ECFA005A87F0 /* Products */;
					ProjectRef = 5104A7132508ECFA005A87F0 /* 비밀지도.xcodeproj */;
				},
				{
					ProductGroup = 5104A46D25065A8C005A87F0 /* Products */;
					ProjectRef = 5104A46C25065A8C005A87F0 /* 서울에서 김서방 찾기.xcodeproj */;
				},
				{
					ProductGroup = 5104A48625065B70005A87F0 /* Products */;
					ProjectRef = 5104A48525065B70005A87F0 /* 소수 찾기.xcodeproj */;
				},
				{
					ProductGroup = 5104A49F250662ED005A87F0 /* Products */;
					ProjectRef = 5104A49E250662ED005A87F0 /* 수박수박수박수박수박수?.xcodeproj */;
				},
				{
					ProductGroup = 5104A4E425066700005A87F0 /* Products */;
					ProjectRef = 5104A4E325066700005A87F0 /* 시저 암호.xcodeproj */;
				},
				{
					ProductGroup = 5104A72E2508F58B005A87F0 /* Products */;
					ProjectRef = 5104A72D2508F58B005A87F0 /* 실패율.xcodeproj */;
				},
				{
					ProductGroup = 5104A4FD25067213005A87F0 /* Products */;
					ProjectRef = 5104A4FC25067213005A87F0 /* 약수의 합.xcodeproj */;
				},
				{
					ProductGroup = 5104A6FA2508EA3E005A87F0 /* Products */;
					ProjectRef = 5104A6F92508EA3E005A87F0 /* 예산.xcodeproj */;
				},
				{
					ProductGroup = 5104A51625067588005A87F0 /* Products */;
					ProjectRef = 5104A51525067588005A87F0 /* 이상한 문자 만들기.xcodeproj */;
				},
				{
					ProductGroup = 5104A52F25067EF1005A87F0 /* Products */;
					ProjectRef = 5104A52E25067EF1005A87F0 /* 자릿수 더하기.xcodeproj */;
				},
				{
					ProductGroup = 5104A5FA250795A7005A87F0 /* Products */;
					ProjectRef = 5104A55B25078A58005A87F0 /* 자연수 뒤집어 배열로 만들기.xcodeproj */;
				},
				{
					ProductGroup = 5104A5FF250795A7005A87F0 /* Products */;
					ProjectRef = 5104A58825078DD3005A87F0 /* 정수 내림차순으로 배치하기.xcodeproj */;
				},
				{
					ProductGroup = 5104A5F0250795A6005A87F0 /* Products */;
					ProjectRef = 5104A5A125078FDB005A87F0 /* 정수 제곱근 판별.xcodeproj */;
				},
				{
					ProductGroup = 5104A5F5250795A7005A87F0 /* Products */;
					ProjectRef = 5104A5BA250792B4005A87F0 /* 제일 작은 수 제거하기.xcodeproj */;
				},
				{
					ProductGroup = 5104A6E02508E89D005A87F0 /* Products */;
					ProjectRef = 5104A6DF2508E89D005A87F0 /* 직사각형 별찍기.xcodeproj */;
				},
				{
					ProductGroup = 517C461D2505225E008B484B /* Products */;
					ProjectRef = 517C461C2505225E008B484B /* 체육복.xcodeproj */;
				},
				{
					ProductGroup = 5104A6312507A254005A87F0 /* Products */;
					ProjectRef = 5104A6302507A254005A87F0 /* 최대공약수와 최소공배수.xcodeproj */;
				},
				{
					ProductGroup = 5104A64A2508D88E005A87F0 /* Products */;
					ProjectRef = 5104A6492508D88E005A87F0 /* 콜라츠 추측.xcodeproj */;
				},
				{
					ProductGroup = 517C45CF250508DF008B484B /* Products */;
					ProjectRef = 517C45CE250508DF008B484B /* 크레인 인형뽑기 게임.xcodeproj */;
				},
				{
					ProductGroup = 5104A61825079698005A87F0 /* Products */;
					ProjectRef = 5104A61725079698005A87F0 /* 키패드 누르기.xcodeproj */;
				},
				{
					ProductGroup = 5104A6632508DB24005A87F0 /* Products */;
					ProjectRef = 5104A6622508DB24005A87F0 /* 평균 구하기.xcodeproj */;
				},
				{
					ProductGroup = 5104A67C2508DDC5005A87F0 /* Products */;
					ProjectRef = 5104A67B2508DDC5005A87F0 /* 하샤드 수.xcodeproj */;
				},
				{
					ProductGroup = 5104A6952508DF33005A87F0 /* Products */;
					ProjectRef = 5104A6942508DF33005A87F0 /* 핸드폰 번호 가리기.xcodeproj */;
				},
				{
					ProductGroup = 5104A6AE2508E256005A87F0 /* Products */;
					ProjectRef = 5104A6AD2508E256005A87F0 /* 행렬의 덧셈.xcodeproj */;
				},
			);
			projectRoot = "";
			targets = (
			);
		};
/* End PBXProject section */

/* Begin PBXReferenceProxy section */
		5104A38D250631D8005A87F0 /* 모의고사 */ = {
			isa = PBXReferenceProxy;
			fileType = "compiled.mach-o.executable";
			path = "모의고사";
			remoteRef = 5104A38C250631D8005A87F0 /* PBXContainerItemProxy */;
			sourceTree = BUILT_PRODUCTS_DIR;
		};
		5104A3A9250632DD005A87F0 /* 2016년 */ = {
			isa = PBXReferenceProxy;
			fileType = "compiled.mach-o.executable";
			path = "2016년";
			remoteRef = 5104A3A8250632DD005A87F0 /* PBXContainerItemProxy */;
			sourceTree = BUILT_PRODUCTS_DIR;
		};
		5104A3C225063D76005A87F0 /* 가운데 글자 가져오기 */ = {
			isa = PBXReferenceProxy;
			fileType = "compiled.mach-o.executable";
			path = "가운데 글자 가져오기";
			remoteRef = 5104A3C125063D76005A87F0 /* PBXContainerItemProxy */;
			sourceTree = BUILT_PRODUCTS_DIR;
		};
		5104A3DB25064889005A87F0 /* 나누어 떨어지는 숫자 배열 */ = {
			isa = PBXReferenceProxy;
			fileType = "compiled.mach-o.executable";
			path = "나누어 떨어지는 숫자 배열";
			remoteRef = 5104A3DA25064889005A87F0 /* PBXContainerItemProxy */;
			sourceTree = BUILT_PRODUCTS_DIR;
		};
		5104A3F425064A3C005A87F0 /* 두 정수 사이의 합 */ = {
			isa = PBXReferenceProxy;
			fileType = "compiled.mach-o.executable";
			path = "두 정수 사이의 합";
			remoteRef = 5104A3F325064A3C005A87F0 /* PBXContainerItemProxy */;
			sourceTree = BUILT_PRODUCTS_DIR;
		};
		5104A40D25064D0C005A87F0 /* 문자열 내 마음대로 정렬하기 */ = {
			isa = PBXReferenceProxy;
			fileType = "compiled.mach-o.executable";
			path = "문자열 내 마음대로 정렬하기";
			remoteRef = 5104A40C25064D0C005A87F0 /* PBXContainerItemProxy */;
			sourceTree = BUILT_PRODUCTS_DIR;
		};
		5104A426250653D8005A87F0 /* 문자열 내 p와 y의 개수 */ = {
			isa = PBXReferenceProxy;
			fileType = "compiled.mach-o.executable";
			path = "문자열 내 p와 y의 개수";
			remoteRef = 5104A425250653D8005A87F0 /* PBXContainerItemProxy */;
			sourceTree = BUILT_PRODUCTS_DIR;
		};
		5104A43F25065597005A87F0 /* 문자열 내림차순으로 배치하기 */ = {
			isa = PBXReferenceProxy;
			fileType = "compiled.mach-o.executable";
			path = "문자열 내림차순으로 배치하기";
			remoteRef = 5104A43E25065597005A87F0 /* PBXContainerItemProxy */;
			sourceTree = BUILT_PRODUCTS_DIR;
		};
		5104A458250658D8005A87F0 /* 문자열 다루기 기본 */ = {
			isa = PBXReferenceProxy;
			fileType = "compiled.mach-o.executable";
			path = "문자열 다루기 기본";
			remoteRef = 5104A457250658D8005A87F0 /* PBXContainerItemProxy */;
			sourceTree = BUILT_PRODUCTS_DIR;
		};
		5104A47125065A8D005A87F0 /* 서울에서 김서방 찾기 */ = {
			isa = PBXReferenceProxy;
			fileType = "compiled.mach-o.executable";
			path = "서울에서 김서방 찾기";
			remoteRef = 5104A47025065A8D005A87F0 /* PBXContainerItemProxy */;
			sourceTree = BUILT_PRODUCTS_DIR;
		};
		5104A48A25065B71005A87F0 /* 소수 찾기 */ = {
			isa = PBXReferenceProxy;
			fileType = "compiled.mach-o.executable";
			path = "소수 찾기";
			remoteRef = 5104A48925065B71005A87F0 /* PBXContainerItemProxy */;
			sourceTree = BUILT_PRODUCTS_DIR;
		};
		5104A4A3250662EE005A87F0 /* 수박수박수박수박수박수? */ = {
			isa = PBXReferenceProxy;
			fileType = "compiled.mach-o.executable";
			path = "수박수박수박수박수박수?";
			remoteRef = 5104A4A2250662EE005A87F0 /* PBXContainerItemProxy */;
			sourceTree = BUILT_PRODUCTS_DIR;
		};
		5104A4BC2506660A005A87F0 /* 문자열을 정수로 바꾸기 */ = {
			isa = PBXReferenceProxy;
			fileType = "compiled.mach-o.executable";
			path = "문자열을 정수로 바꾸기";
			remoteRef = 5104A4BB2506660A005A87F0 /* PBXContainerItemProxy */;
			sourceTree = BUILT_PRODUCTS_DIR;
		};
		5104A4E825066701005A87F0 /* 시저 암호 */ = {
			isa = PBXReferenceProxy;
			fileType = "compiled.mach-o.executable";
			path = "시저 암호";
			remoteRef = 5104A4E725066701005A87F0 /* PBXContainerItemProxy */;
			sourceTree = BUILT_PRODUCTS_DIR;
		};
		5104A50125067214005A87F0 /* 약수의 합 */ = {
			isa = PBXReferenceProxy;
			fileType = "compiled.mach-o.executable";
			path = "약수의 합";
			remoteRef = 5104A50025067214005A87F0 /* PBXContainerItemProxy */;
			sourceTree = BUILT_PRODUCTS_DIR;
		};
		5104A51A25067589005A87F0 /* 이상한 문자 만들기 */ = {
			isa = PBXReferenceProxy;
			fileType = "compiled.mach-o.executable";
			path = "이상한 문자 만들기";
			remoteRef = 5104A51925067589005A87F0 /* PBXContainerItemProxy */;
			sourceTree = BUILT_PRODUCTS_DIR;
		};
		5104A53325067EF2005A87F0 /* 자릿수 더하기 */ = {
			isa = PBXReferenceProxy;
			fileType = "compiled.mach-o.executable";
			path = "자릿수 더하기";
			remoteRef = 5104A53225067EF2005A87F0 /* PBXContainerItemProxy */;
			sourceTree = BUILT_PRODUCTS_DIR;
		};
		5104A5F4250795A6005A87F0 /* 정수 제곱근 판별 */ = {
			isa = PBXReferenceProxy;
			fileType = "compiled.mach-o.executable";
			path = "정수 제곱근 판별";
			remoteRef = 5104A5F3250795A6005A87F0 /* PBXContainerItemProxy */;
			sourceTree = BUILT_PRODUCTS_DIR;
		};
		5104A5F9250795A7005A87F0 /* 제일 작은 수 제거하기 */ = {
			isa = PBXReferenceProxy;
			fileType = "compiled.mach-o.executable";
			path = "제일 작은 수 제거하기";
			remoteRef = 5104A5F8250795A7005A87F0 /* PBXContainerItemProxy */;
			sourceTree = BUILT_PRODUCTS_DIR;
		};
		5104A5FE250795A7005A87F0 /* 자연수 뒤집어 배열로 만들기 */ = {
			isa = PBXReferenceProxy;
			fileType = "compiled.mach-o.executable";
			path = "자연수 뒤집어 배열로 만들기";
			remoteRef = 5104A5FD250795A7005A87F0 /* PBXContainerItemProxy */;
			sourceTree = BUILT_PRODUCTS_DIR;
		};
		5104A603250795A7005A87F0 /* 정수 내림차순으로 배치하기 */ = {
			isa = PBXReferenceProxy;
			fileType = "compiled.mach-o.executable";
			path = "정수 내림차순으로 배치하기";
			remoteRef = 5104A602250795A7005A87F0 /* PBXContainerItemProxy */;
			sourceTree = BUILT_PRODUCTS_DIR;
		};
		5104A61C25079699005A87F0 /* 키패드 누르기 */ = {
			isa = PBXReferenceProxy;
			fileType = "compiled.mach-o.executable";
			path = "키패드 누르기";
			remoteRef = 5104A61B25079699005A87F0 /* PBXContainerItemProxy */;
			sourceTree = BUILT_PRODUCTS_DIR;
		};
		5104A6352507A255005A87F0 /* 최대공약수와 최소공배수 */ = {
			isa = PBXReferenceProxy;
			fileType = "compiled.mach-o.executable";
			path = "최대공약수와 최소공배수";
			remoteRef = 5104A6342507A255005A87F0 /* PBXContainerItemProxy */;
			sourceTree = BUILT_PRODUCTS_DIR;
		};
		5104A64E2508D890005A87F0 /* 콜라츠 추측 */ = {
			isa = PBXReferenceProxy;
			fileType = "compiled.mach-o.executable";
			path = "콜라츠 추측";
			remoteRef = 5104A64D2508D890005A87F0 /* PBXContainerItemProxy */;
			sourceTree = BUILT_PRODUCTS_DIR;
		};
		5104A6672508DB25005A87F0 /* 평균 구하기 */ = {
			isa = PBXReferenceProxy;
			fileType = "compiled.mach-o.executable";
			path = "평균 구하기";
			remoteRef = 5104A6662508DB25005A87F0 /* PBXContainerItemProxy */;
			sourceTree = BUILT_PRODUCTS_DIR;
		};
		5104A6802508DDC6005A87F0 /* 하샤드 수 */ = {
			isa = PBXReferenceProxy;
			fileType = "compiled.mach-o.executable";
			path = "하샤드 수";
			remoteRef = 5104A67F2508DDC6005A87F0 /* PBXContainerItemProxy */;
			sourceTree = BUILT_PRODUCTS_DIR;
		};
		5104A6992508DF33005A87F0 /* 핸드폰 번호 가리기 */ = {
			isa = PBXReferenceProxy;
			fileType = "compiled.mach-o.executable";
			path = "핸드폰 번호 가리기";
			remoteRef = 5104A6982508DF33005A87F0 /* PBXContainerItemProxy */;
			sourceTree = BUILT_PRODUCTS_DIR;
		};
		5104A6B22508E257005A87F0 /* 행렬의 덧셈 */ = {
			isa = PBXReferenceProxy;
			fileType = "compiled.mach-o.executable";
			path = "행렬의 덧셈";
			remoteRef = 5104A6B12508E257005A87F0 /* PBXContainerItemProxy */;
			sourceTree = BUILT_PRODUCTS_DIR;
		};
		5104A6CB2508E689005A87F0 /* x만큼 간격이 있는 n개의 숫자 */ = {
			isa = PBXReferenceProxy;
			fileType = "compiled.mach-o.executable";
			path = "x만큼 간격이 있는 n개의 숫자";
			remoteRef = 5104A6CA2508E689005A87F0 /* PBXContainerItemProxy */;
			sourceTree = BUILT_PRODUCTS_DIR;
		};
		5104A6E42508E89E005A87F0 /* 직사각형 별찍기 */ = {
			isa = PBXReferenceProxy;
			fileType = "compiled.mach-o.executable";
			path = "직사각형 별찍기";
			remoteRef = 5104A6E32508E89E005A87F0 /* PBXContainerItemProxy */;
			sourceTree = BUILT_PRODUCTS_DIR;
		};
		5104A6FE2508EA3F005A87F0 /* 예산 */ = {
			isa = PBXReferenceProxy;
			fileType = "compiled.mach-o.executable";
			path = "예산";
			remoteRef = 5104A6FD2508EA3F005A87F0 /* PBXContainerItemProxy */;
			sourceTree = BUILT_PRODUCTS_DIR;
		};
		5104A7182508ECFB005A87F0 /* 비밀지도 */ = {
			isa = PBXReferenceProxy;
			fileType = "compiled.mach-o.executable";
			path = "비밀지도";
			remoteRef = 5104A7172508ECFB005A87F0 /* PBXContainerItemProxy */;
			sourceTree = BUILT_PRODUCTS_DIR;
		};
		5104A7322508F58C005A87F0 /* 실패율 */ = {
			isa = PBXReferenceProxy;
			fileType = "compiled.mach-o.executable";
			path = "실패율";
			remoteRef = 5104A7312508F58C005A87F0 /* PBXContainerItemProxy */;
			sourceTree = BUILT_PRODUCTS_DIR;
		};
		5104A74B25090279005A87F0 /* 다트 게임 */ = {
			isa = PBXReferenceProxy;
			fileType = "compiled.mach-o.executable";
			path = "다트 게임";
			remoteRef = 5104A74A25090279005A87F0 /* PBXContainerItemProxy */;
			sourceTree = BUILT_PRODUCTS_DIR;
		};
		517C45D3250508E0008B484B /* 크레인 인형뽑기 게임 */ = {
			isa = PBXReferenceProxy;
			fileType = "compiled.mach-o.executable";
			path = "크레인 인형뽑기 게임";
			remoteRef = 517C45D2250508E0008B484B /* PBXContainerItemProxy */;
			sourceTree = BUILT_PRODUCTS_DIR;
		};
		517C460725051A14008B484B /* K번째수 */ = {
			isa = PBXReferenceProxy;
			fileType = "compiled.mach-o.executable";
			path = "K번째수";
			remoteRef = 517C460625051A14008B484B /* PBXContainerItemProxy */;
			sourceTree = BUILT_PRODUCTS_DIR;
		};
		517C46212505225F008B484B /* 체육복 */ = {
			isa = PBXReferenceProxy;
			fileType = "compiled.mach-o.executable";
			path = "체육복";
			remoteRef = 517C46202505225F008B484B /* PBXContainerItemProxy */;
			sourceTree = BUILT_PRODUCTS_DIR;
		};
/* End PBXReferenceProxy section */

/* Begin XCBuildConfiguration section */
		517C458525050797008B484B /* Debug */ = {
			isa = XCBuildConfiguration;
			buildSettings = {
			};
			name = Debug;
		};
		517C458625050797008B484B /* Release */ = {
			isa = XCBuildConfiguration;
			buildSettings = {
			};
			name = Release;
		};
/* End XCBuildConfiguration section */

/* Begin XCConfigurationList section */
		517C458425050797008B484B /* Build configuration list for PBXProject "CodingPractice" */ = {
			isa = XCConfigurationList;
			buildConfigurations = (
				517C458525050797008B484B /* Debug */,
				517C458625050797008B484B /* Release */,
			);
			defaultConfigurationIsVisible = 0;
			defaultConfigurationName = Release;
		};
/* End XCConfigurationList section */
	};
	rootObject = 517C458125050797008B484B /* Project object */;
}
