// !$*UTF8*$!
{
	archiveVersion = 1;
	classes = {
	};
	objectVersion = 50;
	objects = {

/* Begin PBXContainerItemProxy section */
		517C45D2250508E0008B484B /* PBXContainerItemProxy */ = {
			isa = PBXContainerItemProxy;
			containerPortal = 517C45CE250508DF008B484B /* 크레인 인형뽑기 게임.xcodeproj */;
			proxyType = 2;
			remoteGlobalIDString = 517C45C4250508DF008B484B;
			remoteInfo = "크레인 인형뽑기 게임";
		};
		517C45EC25050984008B484B /* PBXContainerItemProxy */ = {
			isa = PBXContainerItemProxy;
			containerPortal = 517C45E825050984008B484B /* 모의고사.xcodeproj */;
			proxyType = 2;
			remoteGlobalIDString = 517C45DE25050984008B484B;
			remoteInfo = "모의고사";
		};
		517C460625051A14008B484B /* PBXContainerItemProxy */ = {
			isa = PBXContainerItemProxy;
			containerPortal = 517C460225051A14008B484B /* K번째수.xcodeproj */;
			proxyType = 2;
			remoteGlobalIDString = 517C45F825051A14008B484B;
			remoteInfo = "K번째수";
		};
/* End PBXContainerItemProxy section */

/* Begin PBXFileReference section */
		517C45CE250508DF008B484B /* 크레인 인형뽑기 게임.xcodeproj */ = {isa = PBXFileReference; lastKnownFileType = "wrapper.pb-project"; name = "크레인 인형뽑기 게임.xcodeproj"; path = "크레인 인형뽑기 게임/크레인 인형뽑기 게임.xcodeproj"; sourceTree = "<group>"; };
		517C45E825050984008B484B /* 모의고사.xcodeproj */ = {isa = PBXFileReference; lastKnownFileType = "wrapper.pb-project"; name = "모의고사.xcodeproj"; path = "모의고사/모의고사.xcodeproj"; sourceTree = "<group>"; };
		517C460225051A14008B484B /* K번째수.xcodeproj */ = {isa = PBXFileReference; lastKnownFileType = "wrapper.pb-project"; name = "K번째수.xcodeproj"; path = "K번째수/K번째수.xcodeproj"; sourceTree = "<group>"; };
/* End PBXFileReference section */

/* Begin PBXGroup section */
		517C458025050797008B484B = {
			isa = PBXGroup;
			children = (
				517C4587250507A9008B484B /* Programmers */,
			);
			sourceTree = "<group>";
		};
		517C4587250507A9008B484B /* Programmers */ = {
			isa = PBXGroup;
			children = (
				517C45EE250519F4008B484B /* 정렬 */,
				517C45D42505095D008B484B /* 완전탐색 */,
				517C4588250507B8008B484B /* 2019 카카오 개발자 겨울 인턴십 */,
			);
			path = Programmers;
			sourceTree = "<group>";
		};
		517C4588250507B8008B484B /* 2019 카카오 개발자 겨울 인턴십 */ = {
			isa = PBXGroup;
			children = (
				517C45CE250508DF008B484B /* 크레인 인형뽑기 게임.xcodeproj */,
			);
			name = "2019 카카오 개발자 겨울 인턴십";
			path = "2019 카카오 개발자 겨울 인턴십";
			sourceTree = "<group>";
		};
		517C45CF250508DF008B484B /* Products */ = {
			isa = PBXGroup;
			children = (
				517C45D3250508E0008B484B /* 크레인 인형뽑기 게임 */,
			);
			name = Products;
			sourceTree = "<group>";
		};
		517C45D42505095D008B484B /* 완전탐색 */ = {
			isa = PBXGroup;
			children = (
				517C45E825050984008B484B /* 모의고사.xcodeproj */,
			);
			name = "완전탐색";
			path = "모의고사";
			sourceTree = "<group>";
		};
		517C45E925050984008B484B /* Products */ = {
			isa = PBXGroup;
			children = (
				517C45ED25050984008B484B /* 모의고사 */,
			);
			name = Products;
			sourceTree = "<group>";
		};
		517C45EE250519F4008B484B /* 정렬 */ = {
			isa = PBXGroup;
			children = (
				517C460225051A14008B484B /* K번째수.xcodeproj */,
			);
			name = "정렬";
			path = "정렬";
			sourceTree = "<group>";
		};
		517C460325051A14008B484B /* Products */ = {
			isa = PBXGroup;
			children = (
				517C460725051A14008B484B /* K번째수 */,
			);
			name = Products;
			sourceTree = "<group>";
		};
/* End PBXGroup section */

/* Begin PBXProject section */
		517C458125050797008B484B /* Project object */ = {
			isa = PBXProject;
			attributes = {
				LastUpgradeCheck = 1160;
			};
			buildConfigurationList = 517C458425050797008B484B /* Build configuration list for PBXProject "CodingPractice" */;
			compatibilityVersion = "Xcode 9.3";
			developmentRegion = en;
			hasScannedForEncodings = 0;
			knownRegions = (
				en,
				Base,
			);
			mainGroup = 517C458025050797008B484B;
			projectDirPath = "";
			projectReferences = (
				{
					ProductGroup = 517C460325051A14008B484B /* Products */;
					ProjectRef = 517C460225051A14008B484B /* K번째수.xcodeproj */;
				},
				{
					ProductGroup = 517C45E925050984008B484B /* Products */;
					ProjectRef = 517C45E825050984008B484B /* 모의고사.xcodeproj */;
				},
				{
					ProductGroup = 517C45CF250508DF008B484B /* Products */;
					ProjectRef = 517C45CE250508DF008B484B /* 크레인 인형뽑기 게임.xcodeproj */;
				},
			);
			projectRoot = "";
			targets = (
			);
		};
/* End PBXProject section */

/* Begin PBXReferenceProxy section */
		517C45D3250508E0008B484B /* 크레인 인형뽑기 게임 */ = {
			isa = PBXReferenceProxy;
			fileType = "compiled.mach-o.executable";
			path = "크레인 인형뽑기 게임";
			remoteRef = 517C45D2250508E0008B484B /* PBXContainerItemProxy */;
			sourceTree = BUILT_PRODUCTS_DIR;
		};
		517C45ED25050984008B484B /* 모의고사 */ = {
			isa = PBXReferenceProxy;
			fileType = "compiled.mach-o.executable";
			path = "모의고사";
			remoteRef = 517C45EC25050984008B484B /* PBXContainerItemProxy */;
			sourceTree = BUILT_PRODUCTS_DIR;
		};
		517C460725051A14008B484B /* K번째수 */ = {
			isa = PBXReferenceProxy;
			fileType = "compiled.mach-o.executable";
			path = "K번째수";
			remoteRef = 517C460625051A14008B484B /* PBXContainerItemProxy */;
			sourceTree = BUILT_PRODUCTS_DIR;
		};
/* End PBXReferenceProxy section */

/* Begin XCBuildConfiguration section */
		517C458525050797008B484B /* Debug */ = {
			isa = XCBuildConfiguration;
			buildSettings = {
			};
			name = Debug;
		};
		517C458625050797008B484B /* Release */ = {
			isa = XCBuildConfiguration;
			buildSettings = {
			};
			name = Release;
		};
/* End XCBuildConfiguration section */

/* Begin XCConfigurationList section */
		517C458425050797008B484B /* Build configuration list for PBXProject "CodingPractice" */ = {
			isa = XCConfigurationList;
			buildConfigurations = (
				517C458525050797008B484B /* Debug */,
				517C458625050797008B484B /* Release */,
			);
			defaultConfigurationIsVisible = 0;
			defaultConfigurationName = Release;
		};
/* End XCConfigurationList section */
	};
	rootObject = 517C458125050797008B484B /* Project object */;
}
